// !$*UTF8*$!
{
	archiveVersion = 1;
	classes = {
	};
	objectVersion = 46;
	objects = {

/* Begin PBXBuildFile section */
		6FDC36591F1B2F9B00C13749 /* main.cpp in Sources */ = {isa = PBXBuildFile; fileRef = 6FDC36581F1B2F9B00C13749 /* main.cpp */; };
/* End PBXBuildFile section */

/* Begin PBXCopyFilesBuildPhase section */
		6FDC36531F1B2F9B00C13749 /* CopyFiles */ = {
			isa = PBXCopyFilesBuildPhase;
			buildActionMask = 2147483647;
			dstPath = /usr/share/man/man1/;
			dstSubfolderSpec = 0;
			files = (
			);
			runOnlyForDeploymentPostprocessing = 1;
		};
/* End PBXCopyFilesBuildPhase section */

/* Begin PBXFileReference section */
		6FDC36551F1B2F9B00C13749 /* inflate */ = {isa = PBXFileReference; explicitFileType = "compiled.mach-o.executable"; includeInIndex = 0; path = inflate; sourceTree = BUILT_PRODUCTS_DIR; };
		6FDC36581F1B2F9B00C13749 /* main.cpp */ = {isa = PBXFileReference; lastKnownFileType = sourcecode.cpp.cpp; path = main.cpp; sourceTree = "<group>"; };
		6FDC365F1F1B2FE600C13749 /* inflate.in */ = {isa = PBXFileReference; fileEncoding = 4; lastKnownFileType = text; path = inflate.in; sourceTree = "<group>"; };
		6FDC36601F1B2FEE00C13749 /* inflate.out */ = {isa = PBXFileReference; fileEncoding = 4; lastKnownFileType = text; path = inflate.out; sourceTree = "<group>"; };
/* End PBXFileReference section */

/* Begin PBXFrameworksBuildPhase section */
		6FDC36521F1B2F9B00C13749 /* Frameworks */ = {
			isa = PBXFrameworksBuildPhase;
			buildActionMask = 2147483647;
			files = (
			);
			runOnlyForDeploymentPostprocessing = 0;
		};
/* End PBXFrameworksBuildPhase section */

/* Begin PBXGroup section */
		6FDC364C1F1B2F9B00C13749 = {
			isa = PBXGroup;
			children = (
				6FDC36571F1B2F9B00C13749 /* inflate */,
				6FDC36561F1B2F9B00C13749 /* Products */,
			);
			sourceTree = "<group>";
		};
		6FDC36561F1B2F9B00C13749 /* Products */ = {
			isa = PBXGroup;
			children = (
				6FDC36551F1B2F9B00C13749 /* inflate */,
			);
			name = Products;
			sourceTree = "<group>";
		};
		6FDC36571F1B2F9B00C13749 /* inflate */ = {
			isa = PBXGroup;
			children = (
				6FDC36581F1B2F9B00C13749 /* main.cpp */,
				6FDC365F1F1B2FE600C13749 /* inflate.in */,
				6FDC36601F1B2FEE00C13749 /* inflate.out */,
			);
			path = inflate;
			sourceTree = "<group>";
		};
/* End PBXGroup section */

/* Begin PBXNativeTarget section */
		6FDC36541F1B2F9B00C13749 /* inflate */ = {
			isa = PBXNativeTarget;
			buildConfigurationList = 6FDC365C1F1B2F9B00C13749 /* Build configuration list for PBXNativeTarget "inflate" */;
			buildPhases = (
				6FDC36511F1B2F9B00C13749 /* Sources */,
				6FDC36521F1B2F9B00C13749 /* Frameworks */,
				6FDC36531F1B2F9B00C13749 /* CopyFiles */,
			);
			buildRules = (
			);
			dependencies = (
			);
			name = inflate;
			productName = inflate;
			productReference = 6FDC36551F1B2F9B00C13749 /* inflate */;
			productType = "com.apple.product-type.tool";
		};
/* End PBXNativeTarget section */

/* Begin PBXProject section */
		6FDC364D1F1B2F9B00C13749 /* Project object */ = {
			isa = PBXProject;
			attributes = {
				LastUpgradeCheck = 0820;
				ORGANIZATIONNAME = Tony;
				TargetAttributes = {
					6FDC36541F1B2F9B00C13749 = {
						CreatedOnToolsVersion = 8.2.1;
						ProvisioningStyle = Automatic;
					};
				};
			};
			buildConfigurationList = 6FDC36501F1B2F9B00C13749 /* Build configuration list for PBXProject "inflate" */;
			compatibilityVersion = "Xcode 3.2";
			developmentRegion = English;
			hasScannedForEncodings = 0;
			knownRegions = (
				en,
			);
			mainGroup = 6FDC364C1F1B2F9B00C13749;
			productRefGroup = 6FDC36561F1B2F9B00C13749 /* Products */;
			projectDirPath = "";
			projectRoot = "";
			targets = (
				6FDC36541F1B2F9B00C13749 /* inflate */,
			);
		};
/* End PBXProject section */

/* Begin PBXSourcesBuildPhase section */
		6FDC36511F1B2F9B00C13749 /* Sources */ = {
			isa = PBXSourcesBuildPhase;
			buildActionMask = 2147483647;
			files = (
				6FDC36591F1B2F9B00C13749 /* main.cpp in Sources */,
			);
			runOnlyForDeploymentPostprocessing = 0;
		};
/* End PBXSourcesBuildPhase section */

/* Begin XCBuildConfiguration section */
		6FDC365A1F1B2F9B00C13749 /* Debug */ = {
			isa = XCBuildConfiguration;
			buildSettings = {
				ALWAYS_SEARCH_USER_PATHS = NO;
				CLANG_ANALYZER_NONNULL = YES;
				CLANG_CXX_LANGUAGE_STANDARD = "gnu++0x";
				CLANG_CXX_LIBRARY = "libc++";
				CLANG_ENABLE_MODULES = YES;
				CLANG_ENABLE_OBJC_ARC = YES;
				CLANG_WARN_BOOL_CONVERSION = YES;
				CLANG_WARN_CONSTANT_CONVERSION = YES;
				CLANG_WARN_DIRECT_OBJC_ISA_USAGE = YES_ERROR;
				CLANG_WARN_DOCUMENTATION_COMMENTS = YES;
				CLANG_WARN_EMPTY_BODY = YES;
				CLANG_WARN_ENUM_CONVERSION = YES;
				CLANG_WARN_INFINITE_RECURSION = YES;
				CLANG_WARN_INT_CONVERSION = YES;
				CLANG_WARN_OBJC_ROOT_CLASS = YES_ERROR;
				CLANG_WARN_SUSPICIOUS_MOVE = YES;
				CLANG_WARN_UNREACHABLE_CODE = YES;
				CLANG_WARN__DUPLICATE_METHOD_MATCH = YES;
				CODE_SIGN_IDENTITY = "-";
				COPY_PHASE_STRIP = NO;
				DEBUG_INFORMATION_FORMAT = dwarf;
				ENABLE_STRICT_OBJC_MSGSEND = YES;
				ENABLE_TESTABILITY = YES;
				GCC_C_LANGUAGE_STANDARD = gnu99;
				GCC_DYNAMIC_NO_PIC = NO;
				GCC_NO_COMMON_BLOCKS = YES;
				GCC_OPTIMIZATION_LEVEL = 0;
				GCC_PREPROCESSOR_DEFINITIONS = (
					"DEBUG=1",
					"$(inherited)",
				);
				GCC_WARN_64_TO_32_BIT_CONVERSION = YES;
				GCC_WARN_ABOUT_RETURN_TYPE = YES_ERROR;
				GCC_WARN_UNDECLARED_SELECTOR = YES;
				GCC_WARN_UNINITIALIZED_AUTOS = YES_AGGRESSIVE;
				GCC_WARN_UNUSED_FUNCTION = YES;
				GCC_WARN_UNUSED_VARIABLE = YES;
				MACOSX_DEPLOYMENT_TARGET = 10.12;
				MTL_ENABLE_DEBUG_INFO = YES;
				ONLY_ACTIVE_ARCH = YES;
				SDKROOT = macosx;
			};
			name = Debug;
		};
		6FDC365B1F1B2F9B00C13749 /* Release */ = {
			isa = XCBuildConfiguration;
			buildSettings = {
				ALWAYS_SEARCH_USER_PATHS = NO;
				CLANG_ANALYZER_NONNULL = YES;
				CLANG_CXX_LANGUAGE_STANDARD = "gnu++0x";
				CLANG_CXX_LIBRARY = "libc++";
				CLANG_ENABLE_MODULES = YES;
				CLANG_ENABLE_OBJC_ARC = YES;
				CLANG_WARN_BOOL_CONVERSION = YES;
				CLANG_WARN_CONSTANT_CONVERSION = YES;
				CLANG_WARN_DIRECT_OBJC_ISA_USAGE = YES_ERROR;
				CLANG_WARN_DOCUMENTATION_COMMENTS = YES;
				CLANG_WARN_EMPTY_BODY = YES;
				CLANG_WARN_ENUM_CONVERSION = YES;
				CLANG_WARN_INFINITE_RECURSION = YES;
				CLANG_WARN_INT_CONVERSION = YES;
				CLANG_WARN_OBJC_ROOT_CLASS = YES_ERROR;
				CLANG_WARN_SUSPICIOUS_MOVE = YES;
				CLANG_WARN_UNREACHABLE_CODE = YES;
				CLANG_WARN__DUPLICATE_METHOD_MATCH = YES;
				CODE_SIGN_IDENTITY = "-";
				COPY_PHASE_STRIP = NO;
				DEBUG_INFORMATION_FORMAT = "dwarf-with-dsym";
				ENABLE_NS_ASSERTIONS = NO;
				ENABLE_STRICT_OBJC_MSGSEND = YES;
				GCC_C_LANGUAGE_STANDARD = gnu99;
				GCC_NO_COMMON_BLOCKS = YES;
				GCC_WARN_64_TO_32_BIT_CONVERSION = YES;
				GCC_WARN_ABOUT_RETURN_TYPE = YES_ERROR;
				GCC_WARN_UNDECLARED_SELECTOR = YES;
				GCC_WARN_UNINITIALIZED_AUTOS = YES_AGGRESSIVE;
				GCC_WARN_UNUSED_FUNCTION = YES;
				GCC_WARN_UNUSED_VARIABLE = YES;
				MACOSX_DEPLOYMENT_TARGET = 10.12;
				MTL_ENABLE_DEBUG_INFO = NO;
				SDKROOT = macosx;
			};
			name = Release;
		};
		6FDC365D1F1B2F9B00C13749 /* Debug */ = {
			isa = XCBuildConfiguration;
			buildSettings = {
				PRODUCT_NAME = "$(TARGET_NAME)";
			};
			name = Debug;
		};
		6FDC365E1F1B2F9B00C13749 /* Release */ = {
			isa = XCBuildConfiguration;
			buildSettings = {
				PRODUCT_NAME = "$(TARGET_NAME)";
			};
			name = Release;
		};
/* End XCBuildConfiguration section */

/* Begin XCConfigurationList section */
		6FDC36501F1B2F9B00C13749 /* Build configuration list for PBXProject "inflate" */ = {
			isa = XCConfigurationList;
			buildConfigurations = (
				6FDC365A1F1B2F9B00C13749 /* Debug */,
				6FDC365B1F1B2F9B00C13749 /* Release */,
			);
			defaultConfigurationIsVisible = 0;
			defaultConfigurationName = Release;
		};
		6FDC365C1F1B2F9B00C13749 /* Build configuration list for PBXNativeTarget "inflate" */ = {
			isa = XCConfigurationList;
			buildConfigurations = (
				6FDC365D1F1B2F9B00C13749 /* Debug */,
				6FDC365E1F1B2F9B00C13749 /* Release */,
			);
			defaultConfigurationIsVisible = 0;
		};
/* End XCConfigurationList section */
	};
	rootObject = 6FDC364D1F1B2F9B00C13749 /* Project object */;
}
